
Microsoft Visual Studio Solution File, Format Version 12.00
# Visual Studio 15
VisualStudioVersion = 15.0.28010.2019
MinimumVisualStudioVersion = 10.0.40219.1
Project("{2150E333-8FDC-42A3-9474-1A3956D46DE8}") = "DM Solution Documentation", "DM Solution Documentation", "{E5342E77-2915-406D-824F-F64ACFAA0862}"
	ProjectSection(SolutionItems) = preProject
		Broadcloth DM Solution Documentation\Broadcloth Solution Documentation.docx = Broadcloth DM Solution Documentation\Broadcloth Solution Documentation.docx
		Broadcloth DM Solution Documentation\Broadcloth Solution Workbook.xlsx = Broadcloth DM Solution Documentation\Broadcloth Solution Workbook.xlsx
		Broadcloth DM Solution Documentation\BroadclothStarDiagram.vsdx = Broadcloth DM Solution Documentation\BroadclothStarDiagram.vsdx
	EndProjectSection
EndProject
Project("{2150E333-8FDC-42A3-9474-1A3956D46DE8}") = "DM Build", "DM Build", "{6B5E9487-2FFA-43FA-B7A0-15BF811547CD}"
	ProjectSection(SolutionItems) = preProject
		DM Build\BuildBroadclothDM.sql = DM Build\BuildBroadclothDM.sql
	EndProjectSection
EndProject
Project("{2150E333-8FDC-42A3-9474-1A3956D46DE8}") = "SSIS", "SSIS", "{287BDD07-977F-490F-960F-74202F734FF5}"
EndProject
Project("{159641D6-6404-4A2A-AE62-294DE0FE8301}") = "BroadclothETL", "BroadclothETL\BroadclothETL.dtproj", "{18823B79-D17A-496C-8E90-937F7B5EAB00}"
EndProject
Project("{2150E333-8FDC-42A3-9474-1A3956D46DE8}") = "PowerPivot", "PowerPivot", "{AB8C62C9-DD47-4E49-89C3-F4BF8C7AF3BB}"
	ProjectSection(SolutionItems) = preProject
		PowerPivot\BroadClothPowerPivot.xlsx = PowerPivot\BroadClothPowerPivot.xlsx
	EndProjectSection
EndProject
Global
	GlobalSection(SolutionConfigurationPlatforms) = preSolution
		Development|Default = Development|Default
	EndGlobalSection
	GlobalSection(ProjectConfigurationPlatforms) = postSolution
		{18823B79-D17A-496C-8E90-937F7B5EAB00}.Development|Default.ActiveCfg = Development
		{18823B79-D17A-496C-8E90-937F7B5EAB00}.Development|Default.Build.0 = Development
	EndGlobalSection
	GlobalSection(SolutionProperties) = preSolution
		HideSolutionNode = FALSE
	EndGlobalSection
	GlobalSection(NestedProjects) = preSolution
		{18823B79-D17A-496C-8E90-937F7B5EAB00} = {287BDD07-977F-490F-960F-74202F734FF5}
	EndGlobalSection
	GlobalSection(ExtensibilityGlobals) = postSolution
		SolutionGuid = {01DFDCA2-1D8A-400C-9B4C-B61151B99BDE}
	EndGlobalSection
EndGlobal
