
Microsoft Visual Studio Solution File, Format Version 12.00
# Visual Studio 15
VisualStudioVersion = 15.0.28010.2019
MinimumVisualStudioVersion = 10.0.40219.1
Project("{2150E333-8FDC-42A3-9474-1A3956D46DE8}") = "DM Solution Documentation", "DM Solution Documentation", "{E5342E77-2915-406D-824F-F64ACFAA0862}"
	ProjectSection(SolutionItems) = preProject
		Broadcloth DM Solution Documentation\Broadcloth Solution Documentation.docx = Broadcloth DM Solution Documentation\Broadcloth Solution Documentation.docx
		Broadcloth DM Solution Documentation\Broadcloth Solution Workbook.xlsx = Broadcloth DM Solution Documentation\Broadcloth Solution Workbook.xlsx
		Broadcloth DM Solution Documentation\BroadclothStarDiagram.vsdx = Broadcloth DM Solution Documentation\BroadclothStarDiagram.vsdx
	EndProjectSection
EndProject
Global
	GlobalSection(SolutionProperties) = preSolution
		HideSolutionNode = FALSE
	EndGlobalSection
	GlobalSection(ExtensibilityGlobals) = postSolution
		SolutionGuid = {01DFDCA2-1D8A-400C-9B4C-B61151B99BDE}
	EndGlobalSection
EndGlobal
